
Microsoft Visual Studio Solution File, Format Version 12.00
# Visual Studio Version 17
VisualStudioVersion = 17.2.32526.322
MinimumVisualStudioVersion = 10.0.40219.1
Project("{9A19103F-16F7-4668-BE54-9A1E7A4F7556}") = "TrikProjekt56", "TrikProjekt56.csproj", "{02ACB840-80EB-49E5-8880-962164752235}"
EndProject
Global
	GlobalSection(SolutionConfigurationPlatforms) = preSolution
		Debug|Any CPU = Debug|Any CPU
		Release|Any CPU = Release|Any CPU
	EndGlobalSection
	GlobalSection(ProjectConfigurationPlatforms) = postSolution
		{02ACB840-80EB-49E5-8880-962164752235}.Debug|Any CPU.ActiveCfg = Debug|Any CPU
		{02ACB840-80EB-49E5-8880-962164752235}.Debug|Any CPU.Build.0 = Debug|Any CPU
		{02ACB840-80EB-49E5-8880-962164752235}.Release|Any CPU.ActiveCfg = Release|Any CPU
		{02ACB840-80EB-49E5-8880-962164752235}.Release|Any CPU.Build.0 = Release|Any CPU
	EndGlobalSection
	GlobalSection(SolutionProperties) = preSolution
		HideSolutionNode = FALSE
	EndGlobalSection
	GlobalSection(ExtensibilityGlobals) = postSolution
		SolutionGuid = {6F85ECFB-FCDB-40FA-8EF3-54BF1082BACE}
	EndGlobalSection
EndGlobal
